
Microsoft Visual Studio Solution File, Format Version 12.00
# Visual Studio 15
VisualStudioVersion = 15.0.27703.2042
MinimumVisualStudioVersion = 10.0.40219.1
Project("{FAE04EC0-301F-11D3-BF4B-00C04F79EFBC}") = "BusinesCache", "BusinessCache\BusinessCache.csproj", "{53E31A04-E91C-474C-BCC6-08011DC5B43B}"
EndProject
Global
	GlobalSection(SolutionConfigurationPlatforms) = preSolution
		Debug|Any CPU = Debug|Any CPU
		Release|Any CPU = Release|Any CPU
	EndGlobalSection
	GlobalSection(ProjectConfigurationPlatforms) = postSolution
		{53E31A04-E91C-474C-BCC6-08011DC5B43B}.Debug|Any CPU.ActiveCfg = Debug|Any CPU
		{53E31A04-E91C-474C-BCC6-08011DC5B43B}.Debug|Any CPU.Build.0 = Debug|Any CPU
		{53E31A04-E91C-474C-BCC6-08011DC5B43B}.Release|Any CPU.ActiveCfg = Release|Any CPU
		{53E31A04-E91C-474C-BCC6-08011DC5B43B}.Release|Any CPU.Build.0 = Release|Any CPU
	EndGlobalSection
	GlobalSection(SolutionProperties) = preSolution
		HideSolutionNode = FALSE
	EndGlobalSection
	GlobalSection(ExtensibilityGlobals) = postSolution
		SolutionGuid = {1E9FE09A-FC4D-42FB-A1F2-E9A047744DAB}
	EndGlobalSection
EndGlobal
